
Microsoft Visual Studio Solution File, Format Version 12.00
# Visual Studio Version 16
VisualStudioVersion = 16.0.31205.134
MinimumVisualStudioVersion = 10.0.40219.1
Project("{8BC9CEB8-8B4A-11D0-8D11-00A0C91BC942}") = "4.1 Variables_Range_Duration", "4.1 Variables_Range_Duration\4.1 Variables_Range_Duration.vcxproj", "{99E8F90C-F1A3-4D4E-93F1-58561C3CEA4F}"
EndProject
Project("{8BC9CEB8-8B4A-11D0-8D11-00A0C91BC942}") = "4.2 G_S_variable__I_E_Linkage", "4.2 G_S_variable__I_E_Linkage\4.2 G_S_variable__I_E_Linkage.vcxproj", "{A057C2AB-C698-4674-81D5-E157C1FDA052}"
EndProject
Project("{8BC9CEB8-8B4A-11D0-8D11-00A0C91BC942}") = "4.3 Using_Ambiguity", "4.3 Using_Ambiguity\4.3 Using_Ambiguity.vcxproj", "{D1E7F1B3-FDBE-4235-AD7C-B86FE5A374B7}"
EndProject
Project("{8BC9CEB8-8B4A-11D0-8D11-00A0C91BC942}") = "4.4 Auto_keyword_Type_inference", "4.4 Auto_keyword_Type_inference\4.4 Auto_keyword_Type_inference.vcxproj", "{D8C6D090-E737-46F3-8DAE-E1E850EF0E29}"
EndProject
Project("{8BC9CEB8-8B4A-11D0-8D11-00A0C91BC942}") = "4.5 Type_Conversion", "4.5 Type_Conversion\4.5 Type_Conversion.vcxproj", "{FDAF0CA3-AC6B-46D0-921E-E501489DD685}"
EndProject
Project("{8BC9CEB8-8B4A-11D0-8D11-00A0C91BC942}") = "4.6 std_string", "4.6 std_string\4.6 std_string.vcxproj", "{78ABB1C2-95AA-481C-B213-CCA6E3756361}"
EndProject
Project("{8BC9CEB8-8B4A-11D0-8D11-00A0C91BC942}") = "4.7 enumerated_types", "4.7 enumerated_types\4.7 enumerated_types.vcxproj", "{DB1BF4FF-8942-4815-876E-32D4CDA2C3BC}"
EndProject
Project("{8BC9CEB8-8B4A-11D0-8D11-00A0C91BC942}") = "4.8 Scope_enumerations", "4.8 Scope_enumerations\4.8 Scope_enumerations.vcxproj", "{1D9EF6A7-97D1-498B-A7B0-E2F052076E47}"
EndProject
Project("{8BC9CEB8-8B4A-11D0-8D11-00A0C91BC942}") = "4.9 Type_aliases", "4.9 Type_aliases\4.9 Type_aliases.vcxproj", "{C6989AD0-3BCC-4BA6-9788-43F6C1E29795}"
EndProject
Project("{8BC9CEB8-8B4A-11D0-8D11-00A0C91BC942}") = "4.10 Struct", "4.10 Struct\4.10 Struct.vcxproj", "{7CC42EC6-1903-427B-89BC-B4EA57CDE756}"
EndProject
Global
	GlobalSection(SolutionConfigurationPlatforms) = preSolution
		Debug|x64 = Debug|x64
		Debug|x86 = Debug|x86
		Release|x64 = Release|x64
		Release|x86 = Release|x86
	EndGlobalSection
	GlobalSection(ProjectConfigurationPlatforms) = postSolution
		{99E8F90C-F1A3-4D4E-93F1-58561C3CEA4F}.Debug|x64.ActiveCfg = Debug|x64
		{99E8F90C-F1A3-4D4E-93F1-58561C3CEA4F}.Debug|x64.Build.0 = Debug|x64
		{99E8F90C-F1A3-4D4E-93F1-58561C3CEA4F}.Debug|x86.ActiveCfg = Debug|Win32
		{99E8F90C-F1A3-4D4E-93F1-58561C3CEA4F}.Debug|x86.Build.0 = Debug|Win32
		{99E8F90C-F1A3-4D4E-93F1-58561C3CEA4F}.Release|x64.ActiveCfg = Release|x64
		{99E8F90C-F1A3-4D4E-93F1-58561C3CEA4F}.Release|x64.Build.0 = Release|x64
		{99E8F90C-F1A3-4D4E-93F1-58561C3CEA4F}.Release|x86.ActiveCfg = Release|Win32
		{99E8F90C-F1A3-4D4E-93F1-58561C3CEA4F}.Release|x86.Build.0 = Release|Win32
		{A057C2AB-C698-4674-81D5-E157C1FDA052}.Debug|x64.ActiveCfg = Debug|x64
		{A057C2AB-C698-4674-81D5-E157C1FDA052}.Debug|x64.Build.0 = Debug|x64
		{A057C2AB-C698-4674-81D5-E157C1FDA052}.Debug|x86.ActiveCfg = Debug|Win32
		{A057C2AB-C698-4674-81D5-E157C1FDA052}.Debug|x86.Build.0 = Debug|Win32
		{A057C2AB-C698-4674-81D5-E157C1FDA052}.Release|x64.ActiveCfg = Release|x64
		{A057C2AB-C698-4674-81D5-E157C1FDA052}.Release|x64.Build.0 = Release|x64
		{A057C2AB-C698-4674-81D5-E157C1FDA052}.Release|x86.ActiveCfg = Release|Win32
		{A057C2AB-C698-4674-81D5-E157C1FDA052}.Release|x86.Build.0 = Release|Win32
		{D1E7F1B3-FDBE-4235-AD7C-B86FE5A374B7}.Debug|x64.ActiveCfg = Debug|x64
		{D1E7F1B3-FDBE-4235-AD7C-B86FE5A374B7}.Debug|x64.Build.0 = Debug|x64
		{D1E7F1B3-FDBE-4235-AD7C-B86FE5A374B7}.Debug|x86.ActiveCfg = Debug|Win32
		{D1E7F1B3-FDBE-4235-AD7C-B86FE5A374B7}.Debug|x86.Build.0 = Debug|Win32
		{D1E7F1B3-FDBE-4235-AD7C-B86FE5A374B7}.Release|x64.ActiveCfg = Release|x64
		{D1E7F1B3-FDBE-4235-AD7C-B86FE5A374B7}.Release|x64.Build.0 = Release|x64
		{D1E7F1B3-FDBE-4235-AD7C-B86FE5A374B7}.Release|x86.ActiveCfg = Release|Win32
		{D1E7F1B3-FDBE-4235-AD7C-B86FE5A374B7}.Release|x86.Build.0 = Release|Win32
		{D8C6D090-E737-46F3-8DAE-E1E850EF0E29}.Debug|x64.ActiveCfg = Debug|x64
		{D8C6D090-E737-46F3-8DAE-E1E850EF0E29}.Debug|x64.Build.0 = Debug|x64
		{D8C6D090-E737-46F3-8DAE-E1E850EF0E29}.Debug|x86.ActiveCfg = Debug|Win32
		{D8C6D090-E737-46F3-8DAE-E1E850EF0E29}.Debug|x86.Build.0 = Debug|Win32
		{D8C6D090-E737-46F3-8DAE-E1E850EF0E29}.Release|x64.ActiveCfg = Release|x64
		{D8C6D090-E737-46F3-8DAE-E1E850EF0E29}.Release|x64.Build.0 = Release|x64
		{D8C6D090-E737-46F3-8DAE-E1E850EF0E29}.Release|x86.ActiveCfg = Release|Win32
		{D8C6D090-E737-46F3-8DAE-E1E850EF0E29}.Release|x86.Build.0 = Release|Win32
		{FDAF0CA3-AC6B-46D0-921E-E501489DD685}.Debug|x64.ActiveCfg = Debug|x64
		{FDAF0CA3-AC6B-46D0-921E-E501489DD685}.Debug|x64.Build.0 = Debug|x64
		{FDAF0CA3-AC6B-46D0-921E-E501489DD685}.Debug|x86.ActiveCfg = Debug|Win32
		{FDAF0CA3-AC6B-46D0-921E-E501489DD685}.Debug|x86.Build.0 = Debug|Win32
		{FDAF0CA3-AC6B-46D0-921E-E501489DD685}.Release|x64.ActiveCfg = Release|x64
		{FDAF0CA3-AC6B-46D0-921E-E501489DD685}.Release|x64.Build.0 = Release|x64
		{FDAF0CA3-AC6B-46D0-921E-E501489DD685}.Release|x86.ActiveCfg = Release|Win32
		{FDAF0CA3-AC6B-46D0-921E-E501489DD685}.Release|x86.Build.0 = Release|Win32
		{78ABB1C2-95AA-481C-B213-CCA6E3756361}.Debug|x64.ActiveCfg = Debug|x64
		{78ABB1C2-95AA-481C-B213-CCA6E3756361}.Debug|x64.Build.0 = Debug|x64
		{78ABB1C2-95AA-481C-B213-CCA6E3756361}.Debug|x86.ActiveCfg = Debug|Win32
		{78ABB1C2-95AA-481C-B213-CCA6E3756361}.Debug|x86.Build.0 = Debug|Win32
		{78ABB1C2-95AA-481C-B213-CCA6E3756361}.Release|x64.ActiveCfg = Release|x64
		{78ABB1C2-95AA-481C-B213-CCA6E3756361}.Release|x64.Build.0 = Release|x64
		{78ABB1C2-95AA-481C-B213-CCA6E3756361}.Release|x86.ActiveCfg = Release|Win32
		{78ABB1C2-95AA-481C-B213-CCA6E3756361}.Release|x86.Build.0 = Release|Win32
		{DB1BF4FF-8942-4815-876E-32D4CDA2C3BC}.Debug|x64.ActiveCfg = Debug|x64
		{DB1BF4FF-8942-4815-876E-32D4CDA2C3BC}.Debug|x64.Build.0 = Debug|x64
		{DB1BF4FF-8942-4815-876E-32D4CDA2C3BC}.Debug|x86.ActiveCfg = Debug|Win32
		{DB1BF4FF-8942-4815-876E-32D4CDA2C3BC}.Debug|x86.Build.0 = Debug|Win32
		{DB1BF4FF-8942-4815-876E-32D4CDA2C3BC}.Release|x64.ActiveCfg = Release|x64
		{DB1BF4FF-8942-4815-876E-32D4CDA2C3BC}.Release|x64.Build.0 = Release|x64
		{DB1BF4FF-8942-4815-876E-32D4CDA2C3BC}.Release|x86.ActiveCfg = Release|Win32
		{DB1BF4FF-8942-4815-876E-32D4CDA2C3BC}.Release|x86.Build.0 = Release|Win32
		{1D9EF6A7-97D1-498B-A7B0-E2F052076E47}.Debug|x64.ActiveCfg = Debug|x64
		{1D9EF6A7-97D1-498B-A7B0-E2F052076E47}.Debug|x64.Build.0 = Debug|x64
		{1D9EF6A7-97D1-498B-A7B0-E2F052076E47}.Debug|x86.ActiveCfg = Debug|Win32
		{1D9EF6A7-97D1-498B-A7B0-E2F052076E47}.Debug|x86.Build.0 = Debug|Win32
		{1D9EF6A7-97D1-498B-A7B0-E2F052076E47}.Release|x64.ActiveCfg = Release|x64
		{1D9EF6A7-97D1-498B-A7B0-E2F052076E47}.Release|x64.Build.0 = Release|x64
		{1D9EF6A7-97D1-498B-A7B0-E2F052076E47}.Release|x86.ActiveCfg = Release|Win32
		{1D9EF6A7-97D1-498B-A7B0-E2F052076E47}.Release|x86.Build.0 = Release|Win32
		{C6989AD0-3BCC-4BA6-9788-43F6C1E29795}.Debug|x64.ActiveCfg = Debug|x64
		{C6989AD0-3BCC-4BA6-9788-43F6C1E29795}.Debug|x64.Build.0 = Debug|x64
		{C6989AD0-3BCC-4BA6-9788-43F6C1E29795}.Debug|x86.ActiveCfg = Debug|Win32
		{C6989AD0-3BCC-4BA6-9788-43F6C1E29795}.Debug|x86.Build.0 = Debug|Win32
		{C6989AD0-3BCC-4BA6-9788-43F6C1E29795}.Release|x64.ActiveCfg = Release|x64
		{C6989AD0-3BCC-4BA6-9788-43F6C1E29795}.Release|x64.Build.0 = Release|x64
		{C6989AD0-3BCC-4BA6-9788-43F6C1E29795}.Release|x86.ActiveCfg = Release|Win32
		{C6989AD0-3BCC-4BA6-9788-43F6C1E29795}.Release|x86.Build.0 = Release|Win32
		{7CC42EC6-1903-427B-89BC-B4EA57CDE756}.Debug|x64.ActiveCfg = Debug|x64
		{7CC42EC6-1903-427B-89BC-B4EA57CDE756}.Debug|x64.Build.0 = Debug|x64
		{7CC42EC6-1903-427B-89BC-B4EA57CDE756}.Debug|x86.ActiveCfg = Debug|Win32
		{7CC42EC6-1903-427B-89BC-B4EA57CDE756}.Debug|x86.Build.0 = Debug|Win32
		{7CC42EC6-1903-427B-89BC-B4EA57CDE756}.Release|x64.ActiveCfg = Release|x64
		{7CC42EC6-1903-427B-89BC-B4EA57CDE756}.Release|x64.Build.0 = Release|x64
		{7CC42EC6-1903-427B-89BC-B4EA57CDE756}.Release|x86.ActiveCfg = Release|Win32
		{7CC42EC6-1903-427B-89BC-B4EA57CDE756}.Release|x86.Build.0 = Release|Win32
	EndGlobalSection
	GlobalSection(SolutionProperties) = preSolution
		HideSolutionNode = FALSE
	EndGlobalSection
	GlobalSection(ExtensibilityGlobals) = postSolution
		SolutionGuid = {BD0FB0B2-E5EE-4078-89F4-A001D8303910}
	EndGlobalSection
EndGlobal
