
Microsoft Visual Studio Solution File, Format Version 12.00
# Visual Studio Version 16
VisualStudioVersion = 16.0.31205.134
MinimumVisualStudioVersion = 10.0.40219.1
Project("{8BC9CEB8-8B4A-11D0-8D11-00A0C91BC942}") = "6.1 Array", "6.1 Array\6.1 Array.vcxproj", "{C2100512-CF83-4BD3-B88E-F5DA7DEDAD99}"
EndProject
Project("{8BC9CEB8-8B4A-11D0-8D11-00A0C91BC942}") = "6.2 Array2", "6.2 Array2\6.2 Array2.vcxproj", "{5B674571-5B59-40B9-817C-F62F52960635}"
EndProject
Project("{8BC9CEB8-8B4A-11D0-8D11-00A0C91BC942}") = "6.3 Array_repeat", "6.3 Array_repeat\6.3 Array_repeat.vcxproj", "{20DECFD9-0F9A-476A-AFDF-18A218DB413D}"
EndProject
Project("{8BC9CEB8-8B4A-11D0-8D11-00A0C91BC942}") = "6.4 Array_selection_sort", "6.4 Array_selection_sort\6.4 Array_selection_sort.vcxproj", "{47428A49-9DF3-403B-899C-466BBDADE2D1}"
EndProject
Project("{8BC9CEB8-8B4A-11D0-8D11-00A0C91BC942}") = "6.5 Multi-dimensional_Array", "6.5 Multi-dimensional_Array\6.5 Multi-dimensional_Array.vcxproj", "{EC839EDF-C623-4545-8D4B-0C84A3CAE572}"
EndProject
Project("{8BC9CEB8-8B4A-11D0-8D11-00A0C91BC942}") = "6.6 c_style_array_string", "6.6 c_style_array_string\6.6 c_style_array_string.vcxproj", "{819BDC19-D55F-4852-BD0D-38EC28DEA3EB}"
EndProject
Project("{8BC9CEB8-8B4A-11D0-8D11-00A0C91BC942}") = "6.7 pointer", "6.7 pointer\6.7 pointer.vcxproj", "{A7FD90BD-0510-4E8F-A41E-7ACCC265A445}"
EndProject
Project("{8BC9CEB8-8B4A-11D0-8D11-00A0C91BC942}") = "6.8 ptr_static_array", "6.8 ptr_static_array\6.8 ptr_static_array.vcxproj", "{B83472BB-A775-477B-9F3B-2877F6015C1B}"
EndProject
Project("{8BC9CEB8-8B4A-11D0-8D11-00A0C91BC942}") = "6.9 ptr_index", "6.9 ptr_index\6.9 ptr_index.vcxproj", "{56003D64-8CB6-40BD-A9E3-24E2BE4AF667}"
EndProject
Project("{8BC9CEB8-8B4A-11D0-8D11-00A0C91BC942}") = "6.10 Cstyle_string_symbolic", "6.10 Cstyle_string_symbolic\6.10 Cstyle_string_symbolic.vcxproj", "{61E088C5-7B2F-4581-8605-0EAFC5405050}"
EndProject
Project("{8BC9CEB8-8B4A-11D0-8D11-00A0C91BC942}") = "6.11 Dynamic_Memory_Allocation", "6.11 Dynamic_Memory_Allocation\6.11 Dynamic_Memory_Allocation.vcxproj", "{407EFFB4-A2C6-4EEF-92F7-643C0E9068A4}"
EndProject
Project("{8BC9CEB8-8B4A-11D0-8D11-00A0C91BC942}") = "6.12 Dynamically_Allocating_Arrays", "6.12 Dynamically Allocating Arrays\6.12 Dynamically Allocating Arrays.vcxproj", "{2206F482-1F84-4F21-B6DA-2CF946038FC9}"
EndProject
Project("{8BC9CEB8-8B4A-11D0-8D11-00A0C91BC942}") = "6.13 pointer_const", "6.13 pointer_const\6.13 pointer_const.vcxproj", "{9AFF6632-213D-4640-B898-2D480D88544D}"
EndProject
Project("{8BC9CEB8-8B4A-11D0-8D11-00A0C91BC942}") = "6.14 Reference_Variable", "6.14 Reference_Variable\6.14 Reference_Variable.vcxproj", "{728EC62B-726D-4866-A523-4C5A1C8A1852}"
EndProject
Project("{8BC9CEB8-8B4A-11D0-8D11-00A0C91BC942}") = "6.15 Reference_const", "6.15 Reference_const\6.15 Reference_const.vcxproj", "{C71F4301-7242-484E-98C9-984C94A21D8C}"
EndProject
Project("{8BC9CEB8-8B4A-11D0-8D11-00A0C91BC942}") = "6.16 Member_Selection_Operators", "6.16 Member_Selection_Operators\6.16 Member_Selection_Operators.vcxproj", "{25D78430-3B3F-464E-961A-F83C7493CD23}"
EndProject
Project("{8BC9CEB8-8B4A-11D0-8D11-00A0C91BC942}") = "6.17 For-each", "6.17 For-each\6.17 For-each.vcxproj", "{4A3ABF89-FB6A-4E1A-B173-FB67EC4AFC90}"
EndProject
Project("{8BC9CEB8-8B4A-11D0-8D11-00A0C91BC942}") = "6.18 void_ptr", "6.18 void_ptr\6.18 void_ptr.vcxproj", "{ABB8F427-CFEA-4D0A-883D-906A5AB72EFF}"
EndProject
Project("{8BC9CEB8-8B4A-11D0-8D11-00A0C91BC942}") = "6.19 Dual_ptr_DMA", "6.19 Dual_ptr_DMA\6.19 Dual_ptr_DMA.vcxproj", "{AAE9CC11-1D2B-4234-B70C-FF94BBF5DAA6}"
EndProject
Project("{8BC9CEB8-8B4A-11D0-8D11-00A0C91BC942}") = "6.20 std_array", "6.20 std_array\6.20 std_array.vcxproj", "{CF105C82-1C30-4569-A8B5-6F0F167337AF}"
EndProject
Project("{8BC9CEB8-8B4A-11D0-8D11-00A0C91BC942}") = "6.21 std_vector", "6.21 std_vector\6.21 std_vector.vcxproj", "{3211DB0E-32BB-4699-B259-40F9ED851B9E}"
EndProject
Global
	GlobalSection(SolutionConfigurationPlatforms) = preSolution
		Debug|x64 = Debug|x64
		Debug|x86 = Debug|x86
		Release|x64 = Release|x64
		Release|x86 = Release|x86
	EndGlobalSection
	GlobalSection(ProjectConfigurationPlatforms) = postSolution
		{C2100512-CF83-4BD3-B88E-F5DA7DEDAD99}.Debug|x64.ActiveCfg = Debug|x64
		{C2100512-CF83-4BD3-B88E-F5DA7DEDAD99}.Debug|x64.Build.0 = Debug|x64
		{C2100512-CF83-4BD3-B88E-F5DA7DEDAD99}.Debug|x86.ActiveCfg = Debug|Win32
		{C2100512-CF83-4BD3-B88E-F5DA7DEDAD99}.Debug|x86.Build.0 = Debug|Win32
		{C2100512-CF83-4BD3-B88E-F5DA7DEDAD99}.Release|x64.ActiveCfg = Release|x64
		{C2100512-CF83-4BD3-B88E-F5DA7DEDAD99}.Release|x64.Build.0 = Release|x64
		{C2100512-CF83-4BD3-B88E-F5DA7DEDAD99}.Release|x86.ActiveCfg = Release|Win32
		{C2100512-CF83-4BD3-B88E-F5DA7DEDAD99}.Release|x86.Build.0 = Release|Win32
		{5B674571-5B59-40B9-817C-F62F52960635}.Debug|x64.ActiveCfg = Debug|x64
		{5B674571-5B59-40B9-817C-F62F52960635}.Debug|x64.Build.0 = Debug|x64
		{5B674571-5B59-40B9-817C-F62F52960635}.Debug|x86.ActiveCfg = Debug|Win32
		{5B674571-5B59-40B9-817C-F62F52960635}.Debug|x86.Build.0 = Debug|Win32
		{5B674571-5B59-40B9-817C-F62F52960635}.Release|x64.ActiveCfg = Release|x64
		{5B674571-5B59-40B9-817C-F62F52960635}.Release|x64.Build.0 = Release|x64
		{5B674571-5B59-40B9-817C-F62F52960635}.Release|x86.ActiveCfg = Release|Win32
		{5B674571-5B59-40B9-817C-F62F52960635}.Release|x86.Build.0 = Release|Win32
		{20DECFD9-0F9A-476A-AFDF-18A218DB413D}.Debug|x64.ActiveCfg = Debug|x64
		{20DECFD9-0F9A-476A-AFDF-18A218DB413D}.Debug|x64.Build.0 = Debug|x64
		{20DECFD9-0F9A-476A-AFDF-18A218DB413D}.Debug|x86.ActiveCfg = Debug|Win32
		{20DECFD9-0F9A-476A-AFDF-18A218DB413D}.Debug|x86.Build.0 = Debug|Win32
		{20DECFD9-0F9A-476A-AFDF-18A218DB413D}.Release|x64.ActiveCfg = Release|x64
		{20DECFD9-0F9A-476A-AFDF-18A218DB413D}.Release|x64.Build.0 = Release|x64
		{20DECFD9-0F9A-476A-AFDF-18A218DB413D}.Release|x86.ActiveCfg = Release|Win32
		{20DECFD9-0F9A-476A-AFDF-18A218DB413D}.Release|x86.Build.0 = Release|Win32
		{47428A49-9DF3-403B-899C-466BBDADE2D1}.Debug|x64.ActiveCfg = Debug|x64
		{47428A49-9DF3-403B-899C-466BBDADE2D1}.Debug|x64.Build.0 = Debug|x64
		{47428A49-9DF3-403B-899C-466BBDADE2D1}.Debug|x86.ActiveCfg = Debug|Win32
		{47428A49-9DF3-403B-899C-466BBDADE2D1}.Debug|x86.Build.0 = Debug|Win32
		{47428A49-9DF3-403B-899C-466BBDADE2D1}.Release|x64.ActiveCfg = Release|x64
		{47428A49-9DF3-403B-899C-466BBDADE2D1}.Release|x64.Build.0 = Release|x64
		{47428A49-9DF3-403B-899C-466BBDADE2D1}.Release|x86.ActiveCfg = Release|Win32
		{47428A49-9DF3-403B-899C-466BBDADE2D1}.Release|x86.Build.0 = Release|Win32
		{EC839EDF-C623-4545-8D4B-0C84A3CAE572}.Debug|x64.ActiveCfg = Debug|x64
		{EC839EDF-C623-4545-8D4B-0C84A3CAE572}.Debug|x64.Build.0 = Debug|x64
		{EC839EDF-C623-4545-8D4B-0C84A3CAE572}.Debug|x86.ActiveCfg = Debug|Win32
		{EC839EDF-C623-4545-8D4B-0C84A3CAE572}.Debug|x86.Build.0 = Debug|Win32
		{EC839EDF-C623-4545-8D4B-0C84A3CAE572}.Release|x64.ActiveCfg = Release|x64
		{EC839EDF-C623-4545-8D4B-0C84A3CAE572}.Release|x64.Build.0 = Release|x64
		{EC839EDF-C623-4545-8D4B-0C84A3CAE572}.Release|x86.ActiveCfg = Release|Win32
		{EC839EDF-C623-4545-8D4B-0C84A3CAE572}.Release|x86.Build.0 = Release|Win32
		{819BDC19-D55F-4852-BD0D-38EC28DEA3EB}.Debug|x64.ActiveCfg = Debug|x64
		{819BDC19-D55F-4852-BD0D-38EC28DEA3EB}.Debug|x64.Build.0 = Debug|x64
		{819BDC19-D55F-4852-BD0D-38EC28DEA3EB}.Debug|x86.ActiveCfg = Debug|Win32
		{819BDC19-D55F-4852-BD0D-38EC28DEA3EB}.Debug|x86.Build.0 = Debug|Win32
		{819BDC19-D55F-4852-BD0D-38EC28DEA3EB}.Release|x64.ActiveCfg = Release|x64
		{819BDC19-D55F-4852-BD0D-38EC28DEA3EB}.Release|x64.Build.0 = Release|x64
		{819BDC19-D55F-4852-BD0D-38EC28DEA3EB}.Release|x86.ActiveCfg = Release|Win32
		{819BDC19-D55F-4852-BD0D-38EC28DEA3EB}.Release|x86.Build.0 = Release|Win32
		{A7FD90BD-0510-4E8F-A41E-7ACCC265A445}.Debug|x64.ActiveCfg = Debug|x64
		{A7FD90BD-0510-4E8F-A41E-7ACCC265A445}.Debug|x64.Build.0 = Debug|x64
		{A7FD90BD-0510-4E8F-A41E-7ACCC265A445}.Debug|x86.ActiveCfg = Debug|Win32
		{A7FD90BD-0510-4E8F-A41E-7ACCC265A445}.Debug|x86.Build.0 = Debug|Win32
		{A7FD90BD-0510-4E8F-A41E-7ACCC265A445}.Release|x64.ActiveCfg = Release|x64
		{A7FD90BD-0510-4E8F-A41E-7ACCC265A445}.Release|x64.Build.0 = Release|x64
		{A7FD90BD-0510-4E8F-A41E-7ACCC265A445}.Release|x86.ActiveCfg = Release|Win32
		{A7FD90BD-0510-4E8F-A41E-7ACCC265A445}.Release|x86.Build.0 = Release|Win32
		{B83472BB-A775-477B-9F3B-2877F6015C1B}.Debug|x64.ActiveCfg = Debug|x64
		{B83472BB-A775-477B-9F3B-2877F6015C1B}.Debug|x64.Build.0 = Debug|x64
		{B83472BB-A775-477B-9F3B-2877F6015C1B}.Debug|x86.ActiveCfg = Debug|Win32
		{B83472BB-A775-477B-9F3B-2877F6015C1B}.Debug|x86.Build.0 = Debug|Win32
		{B83472BB-A775-477B-9F3B-2877F6015C1B}.Release|x64.ActiveCfg = Release|x64
		{B83472BB-A775-477B-9F3B-2877F6015C1B}.Release|x64.Build.0 = Release|x64
		{B83472BB-A775-477B-9F3B-2877F6015C1B}.Release|x86.ActiveCfg = Release|Win32
		{B83472BB-A775-477B-9F3B-2877F6015C1B}.Release|x86.Build.0 = Release|Win32
		{56003D64-8CB6-40BD-A9E3-24E2BE4AF667}.Debug|x64.ActiveCfg = Debug|x64
		{56003D64-8CB6-40BD-A9E3-24E2BE4AF667}.Debug|x64.Build.0 = Debug|x64
		{56003D64-8CB6-40BD-A9E3-24E2BE4AF667}.Debug|x86.ActiveCfg = Debug|Win32
		{56003D64-8CB6-40BD-A9E3-24E2BE4AF667}.Debug|x86.Build.0 = Debug|Win32
		{56003D64-8CB6-40BD-A9E3-24E2BE4AF667}.Release|x64.ActiveCfg = Release|x64
		{56003D64-8CB6-40BD-A9E3-24E2BE4AF667}.Release|x64.Build.0 = Release|x64
		{56003D64-8CB6-40BD-A9E3-24E2BE4AF667}.Release|x86.ActiveCfg = Release|Win32
		{56003D64-8CB6-40BD-A9E3-24E2BE4AF667}.Release|x86.Build.0 = Release|Win32
		{61E088C5-7B2F-4581-8605-0EAFC5405050}.Debug|x64.ActiveCfg = Debug|x64
		{61E088C5-7B2F-4581-8605-0EAFC5405050}.Debug|x64.Build.0 = Debug|x64
		{61E088C5-7B2F-4581-8605-0EAFC5405050}.Debug|x86.ActiveCfg = Debug|Win32
		{61E088C5-7B2F-4581-8605-0EAFC5405050}.Debug|x86.Build.0 = Debug|Win32
		{61E088C5-7B2F-4581-8605-0EAFC5405050}.Release|x64.ActiveCfg = Release|x64
		{61E088C5-7B2F-4581-8605-0EAFC5405050}.Release|x64.Build.0 = Release|x64
		{61E088C5-7B2F-4581-8605-0EAFC5405050}.Release|x86.ActiveCfg = Release|Win32
		{61E088C5-7B2F-4581-8605-0EAFC5405050}.Release|x86.Build.0 = Release|Win32
		{407EFFB4-A2C6-4EEF-92F7-643C0E9068A4}.Debug|x64.ActiveCfg = Debug|x64
		{407EFFB4-A2C6-4EEF-92F7-643C0E9068A4}.Debug|x64.Build.0 = Debug|x64
		{407EFFB4-A2C6-4EEF-92F7-643C0E9068A4}.Debug|x86.ActiveCfg = Debug|Win32
		{407EFFB4-A2C6-4EEF-92F7-643C0E9068A4}.Debug|x86.Build.0 = Debug|Win32
		{407EFFB4-A2C6-4EEF-92F7-643C0E9068A4}.Release|x64.ActiveCfg = Release|x64
		{407EFFB4-A2C6-4EEF-92F7-643C0E9068A4}.Release|x64.Build.0 = Release|x64
		{407EFFB4-A2C6-4EEF-92F7-643C0E9068A4}.Release|x86.ActiveCfg = Release|Win32
		{407EFFB4-A2C6-4EEF-92F7-643C0E9068A4}.Release|x86.Build.0 = Release|Win32
		{2206F482-1F84-4F21-B6DA-2CF946038FC9}.Debug|x64.ActiveCfg = Debug|x64
		{2206F482-1F84-4F21-B6DA-2CF946038FC9}.Debug|x64.Build.0 = Debug|x64
		{2206F482-1F84-4F21-B6DA-2CF946038FC9}.Debug|x86.ActiveCfg = Debug|Win32
		{2206F482-1F84-4F21-B6DA-2CF946038FC9}.Debug|x86.Build.0 = Debug|Win32
		{2206F482-1F84-4F21-B6DA-2CF946038FC9}.Release|x64.ActiveCfg = Release|x64
		{2206F482-1F84-4F21-B6DA-2CF946038FC9}.Release|x64.Build.0 = Release|x64
		{2206F482-1F84-4F21-B6DA-2CF946038FC9}.Release|x86.ActiveCfg = Release|Win32
		{2206F482-1F84-4F21-B6DA-2CF946038FC9}.Release|x86.Build.0 = Release|Win32
		{9AFF6632-213D-4640-B898-2D480D88544D}.Debug|x64.ActiveCfg = Debug|x64
		{9AFF6632-213D-4640-B898-2D480D88544D}.Debug|x64.Build.0 = Debug|x64
		{9AFF6632-213D-4640-B898-2D480D88544D}.Debug|x86.ActiveCfg = Debug|Win32
		{9AFF6632-213D-4640-B898-2D480D88544D}.Debug|x86.Build.0 = Debug|Win32
		{9AFF6632-213D-4640-B898-2D480D88544D}.Release|x64.ActiveCfg = Release|x64
		{9AFF6632-213D-4640-B898-2D480D88544D}.Release|x64.Build.0 = Release|x64
		{9AFF6632-213D-4640-B898-2D480D88544D}.Release|x86.ActiveCfg = Release|Win32
		{9AFF6632-213D-4640-B898-2D480D88544D}.Release|x86.Build.0 = Release|Win32
		{728EC62B-726D-4866-A523-4C5A1C8A1852}.Debug|x64.ActiveCfg = Debug|x64
		{728EC62B-726D-4866-A523-4C5A1C8A1852}.Debug|x64.Build.0 = Debug|x64
		{728EC62B-726D-4866-A523-4C5A1C8A1852}.Debug|x86.ActiveCfg = Debug|Win32
		{728EC62B-726D-4866-A523-4C5A1C8A1852}.Debug|x86.Build.0 = Debug|Win32
		{728EC62B-726D-4866-A523-4C5A1C8A1852}.Release|x64.ActiveCfg = Release|x64
		{728EC62B-726D-4866-A523-4C5A1C8A1852}.Release|x64.Build.0 = Release|x64
		{728EC62B-726D-4866-A523-4C5A1C8A1852}.Release|x86.ActiveCfg = Release|Win32
		{728EC62B-726D-4866-A523-4C5A1C8A1852}.Release|x86.Build.0 = Release|Win32
		{C71F4301-7242-484E-98C9-984C94A21D8C}.Debug|x64.ActiveCfg = Debug|x64
		{C71F4301-7242-484E-98C9-984C94A21D8C}.Debug|x64.Build.0 = Debug|x64
		{C71F4301-7242-484E-98C9-984C94A21D8C}.Debug|x86.ActiveCfg = Debug|Win32
		{C71F4301-7242-484E-98C9-984C94A21D8C}.Debug|x86.Build.0 = Debug|Win32
		{C71F4301-7242-484E-98C9-984C94A21D8C}.Release|x64.ActiveCfg = Release|x64
		{C71F4301-7242-484E-98C9-984C94A21D8C}.Release|x64.Build.0 = Release|x64
		{C71F4301-7242-484E-98C9-984C94A21D8C}.Release|x86.ActiveCfg = Release|Win32
		{C71F4301-7242-484E-98C9-984C94A21D8C}.Release|x86.Build.0 = Release|Win32
		{25D78430-3B3F-464E-961A-F83C7493CD23}.Debug|x64.ActiveCfg = Debug|x64
		{25D78430-3B3F-464E-961A-F83C7493CD23}.Debug|x64.Build.0 = Debug|x64
		{25D78430-3B3F-464E-961A-F83C7493CD23}.Debug|x86.ActiveCfg = Debug|Win32
		{25D78430-3B3F-464E-961A-F83C7493CD23}.Debug|x86.Build.0 = Debug|Win32
		{25D78430-3B3F-464E-961A-F83C7493CD23}.Release|x64.ActiveCfg = Release|x64
		{25D78430-3B3F-464E-961A-F83C7493CD23}.Release|x64.Build.0 = Release|x64
		{25D78430-3B3F-464E-961A-F83C7493CD23}.Release|x86.ActiveCfg = Release|Win32
		{25D78430-3B3F-464E-961A-F83C7493CD23}.Release|x86.Build.0 = Release|Win32
		{4A3ABF89-FB6A-4E1A-B173-FB67EC4AFC90}.Debug|x64.ActiveCfg = Debug|x64
		{4A3ABF89-FB6A-4E1A-B173-FB67EC4AFC90}.Debug|x64.Build.0 = Debug|x64
		{4A3ABF89-FB6A-4E1A-B173-FB67EC4AFC90}.Debug|x86.ActiveCfg = Debug|Win32
		{4A3ABF89-FB6A-4E1A-B173-FB67EC4AFC90}.Debug|x86.Build.0 = Debug|Win32
		{4A3ABF89-FB6A-4E1A-B173-FB67EC4AFC90}.Release|x64.ActiveCfg = Release|x64
		{4A3ABF89-FB6A-4E1A-B173-FB67EC4AFC90}.Release|x64.Build.0 = Release|x64
		{4A3ABF89-FB6A-4E1A-B173-FB67EC4AFC90}.Release|x86.ActiveCfg = Release|Win32
		{4A3ABF89-FB6A-4E1A-B173-FB67EC4AFC90}.Release|x86.Build.0 = Release|Win32
		{ABB8F427-CFEA-4D0A-883D-906A5AB72EFF}.Debug|x64.ActiveCfg = Debug|x64
		{ABB8F427-CFEA-4D0A-883D-906A5AB72EFF}.Debug|x64.Build.0 = Debug|x64
		{ABB8F427-CFEA-4D0A-883D-906A5AB72EFF}.Debug|x86.ActiveCfg = Debug|Win32
		{ABB8F427-CFEA-4D0A-883D-906A5AB72EFF}.Debug|x86.Build.0 = Debug|Win32
		{ABB8F427-CFEA-4D0A-883D-906A5AB72EFF}.Release|x64.ActiveCfg = Release|x64
		{ABB8F427-CFEA-4D0A-883D-906A5AB72EFF}.Release|x64.Build.0 = Release|x64
		{ABB8F427-CFEA-4D0A-883D-906A5AB72EFF}.Release|x86.ActiveCfg = Release|Win32
		{ABB8F427-CFEA-4D0A-883D-906A5AB72EFF}.Release|x86.Build.0 = Release|Win32
		{AAE9CC11-1D2B-4234-B70C-FF94BBF5DAA6}.Debug|x64.ActiveCfg = Debug|x64
		{AAE9CC11-1D2B-4234-B70C-FF94BBF5DAA6}.Debug|x64.Build.0 = Debug|x64
		{AAE9CC11-1D2B-4234-B70C-FF94BBF5DAA6}.Debug|x86.ActiveCfg = Debug|Win32
		{AAE9CC11-1D2B-4234-B70C-FF94BBF5DAA6}.Debug|x86.Build.0 = Debug|Win32
		{AAE9CC11-1D2B-4234-B70C-FF94BBF5DAA6}.Release|x64.ActiveCfg = Release|x64
		{AAE9CC11-1D2B-4234-B70C-FF94BBF5DAA6}.Release|x64.Build.0 = Release|x64
		{AAE9CC11-1D2B-4234-B70C-FF94BBF5DAA6}.Release|x86.ActiveCfg = Release|Win32
		{AAE9CC11-1D2B-4234-B70C-FF94BBF5DAA6}.Release|x86.Build.0 = Release|Win32
		{CF105C82-1C30-4569-A8B5-6F0F167337AF}.Debug|x64.ActiveCfg = Debug|x64
		{CF105C82-1C30-4569-A8B5-6F0F167337AF}.Debug|x64.Build.0 = Debug|x64
		{CF105C82-1C30-4569-A8B5-6F0F167337AF}.Debug|x86.ActiveCfg = Debug|Win32
		{CF105C82-1C30-4569-A8B5-6F0F167337AF}.Debug|x86.Build.0 = Debug|Win32
		{CF105C82-1C30-4569-A8B5-6F0F167337AF}.Release|x64.ActiveCfg = Release|x64
		{CF105C82-1C30-4569-A8B5-6F0F167337AF}.Release|x64.Build.0 = Release|x64
		{CF105C82-1C30-4569-A8B5-6F0F167337AF}.Release|x86.ActiveCfg = Release|Win32
		{CF105C82-1C30-4569-A8B5-6F0F167337AF}.Release|x86.Build.0 = Release|Win32
		{3211DB0E-32BB-4699-B259-40F9ED851B9E}.Debug|x64.ActiveCfg = Debug|x64
		{3211DB0E-32BB-4699-B259-40F9ED851B9E}.Debug|x64.Build.0 = Debug|x64
		{3211DB0E-32BB-4699-B259-40F9ED851B9E}.Debug|x86.ActiveCfg = Debug|Win32
		{3211DB0E-32BB-4699-B259-40F9ED851B9E}.Debug|x86.Build.0 = Debug|Win32
		{3211DB0E-32BB-4699-B259-40F9ED851B9E}.Release|x64.ActiveCfg = Release|x64
		{3211DB0E-32BB-4699-B259-40F9ED851B9E}.Release|x64.Build.0 = Release|x64
		{3211DB0E-32BB-4699-B259-40F9ED851B9E}.Release|x86.ActiveCfg = Release|Win32
		{3211DB0E-32BB-4699-B259-40F9ED851B9E}.Release|x86.Build.0 = Release|Win32
	EndGlobalSection
	GlobalSection(SolutionProperties) = preSolution
		HideSolutionNode = FALSE
	EndGlobalSection
	GlobalSection(ExtensibilityGlobals) = postSolution
		SolutionGuid = {DA4A509C-CC1C-4028-9397-032778DDDF29}
	EndGlobalSection
EndGlobal
