
Microsoft Visual Studio Solution File, Format Version 12.00
# Visual Studio Version 16
VisualStudioVersion = 16.0.31205.134
MinimumVisualStudioVersion = 10.0.40219.1
Project("{8BC9CEB8-8B4A-11D0-8D11-00A0C91BC942}") = "2.1 Fundamental_dtype", "Fundamental_dtype\Fundamental_dtype.vcxproj", "{8B93E87C-2A4A-4E50-AC47-1C762630932E}"
EndProject
Project("{8BC9CEB8-8B4A-11D0-8D11-00A0C91BC942}") = "2.2 Integers", "2.2 Integers\2.2 Integers.vcxproj", "{E95908D1-653F-4E8F-9ACA-1C6DE8CAA9D8}"
EndProject
Project("{8BC9CEB8-8B4A-11D0-8D11-00A0C91BC942}") = "2.3 Fixed_width_Integers", "Fixed_width_Integers\Fixed_width_Integers.vcxproj", "{6FDAF778-FC16-40C0-830B-1A0D162D409F}"
EndProject
Project("{8BC9CEB8-8B4A-11D0-8D11-00A0C91BC942}") = "2.4 Void Type(무치형)", "2.4 Void Type(무치형)\2.4 Void Type(무치형).vcxproj", "{A34FCBC2-0434-42CA-934E-50C0E95FEB8C}"
EndProject
Project("{8BC9CEB8-8B4A-11D0-8D11-00A0C91BC942}") = "2.5 Floating_Point_Numbers", "2.5 Floating_Point_Numbers\2.5 Floating_Point_Numbers.vcxproj", "{E7B21B80-8FF2-4030-9B53-B2DB547567CE}"
EndProject
Project("{8BC9CEB8-8B4A-11D0-8D11-00A0C91BC942}") = "2.6 Boolean_if", "2.6 Boolean_if\2.6 Boolean_if.vcxproj", "{F8F715DE-6777-4318-9131-78BA8D55AD57}"
EndProject
Project("{8BC9CEB8-8B4A-11D0-8D11-00A0C91BC942}") = "2.7 Char", "2.7 Char\2.7 Char.vcxproj", "{C179F2DA-FB60-44F1-A2CE-A32AABF3A0C1}"
EndProject
Project("{8BC9CEB8-8B4A-11D0-8D11-00A0C91BC942}") = "2.8 Literal Constants", "2.8 Literal Constants\2.8 Literal Constants.vcxproj", "{7A92D3AC-AD6D-48C0-B761-9F5220037932}"
EndProject
Project("{8BC9CEB8-8B4A-11D0-8D11-00A0C91BC942}") = "2.9 Symbolic_Constants", "2.9 Symbolic_Constants\2.9 Symbolic_Constants.vcxproj", "{AEB87216-7F4D-41BA-8F59-90A4AD25416D}"
EndProject
Global
	GlobalSection(SolutionConfigurationPlatforms) = preSolution
		Debug|x64 = Debug|x64
		Debug|x86 = Debug|x86
		Release|x64 = Release|x64
		Release|x86 = Release|x86
	EndGlobalSection
	GlobalSection(ProjectConfigurationPlatforms) = postSolution
		{8B93E87C-2A4A-4E50-AC47-1C762630932E}.Debug|x64.ActiveCfg = Debug|x64
		{8B93E87C-2A4A-4E50-AC47-1C762630932E}.Debug|x64.Build.0 = Debug|x64
		{8B93E87C-2A4A-4E50-AC47-1C762630932E}.Debug|x86.ActiveCfg = Debug|Win32
		{8B93E87C-2A4A-4E50-AC47-1C762630932E}.Debug|x86.Build.0 = Debug|Win32
		{8B93E87C-2A4A-4E50-AC47-1C762630932E}.Release|x64.ActiveCfg = Release|x64
		{8B93E87C-2A4A-4E50-AC47-1C762630932E}.Release|x64.Build.0 = Release|x64
		{8B93E87C-2A4A-4E50-AC47-1C762630932E}.Release|x86.ActiveCfg = Release|Win32
		{8B93E87C-2A4A-4E50-AC47-1C762630932E}.Release|x86.Build.0 = Release|Win32
		{E95908D1-653F-4E8F-9ACA-1C6DE8CAA9D8}.Debug|x64.ActiveCfg = Debug|x64
		{E95908D1-653F-4E8F-9ACA-1C6DE8CAA9D8}.Debug|x64.Build.0 = Debug|x64
		{E95908D1-653F-4E8F-9ACA-1C6DE8CAA9D8}.Debug|x86.ActiveCfg = Debug|Win32
		{E95908D1-653F-4E8F-9ACA-1C6DE8CAA9D8}.Debug|x86.Build.0 = Debug|Win32
		{E95908D1-653F-4E8F-9ACA-1C6DE8CAA9D8}.Release|x64.ActiveCfg = Release|x64
		{E95908D1-653F-4E8F-9ACA-1C6DE8CAA9D8}.Release|x64.Build.0 = Release|x64
		{E95908D1-653F-4E8F-9ACA-1C6DE8CAA9D8}.Release|x86.ActiveCfg = Release|Win32
		{E95908D1-653F-4E8F-9ACA-1C6DE8CAA9D8}.Release|x86.Build.0 = Release|Win32
		{6FDAF778-FC16-40C0-830B-1A0D162D409F}.Debug|x64.ActiveCfg = Debug|x64
		{6FDAF778-FC16-40C0-830B-1A0D162D409F}.Debug|x64.Build.0 = Debug|x64
		{6FDAF778-FC16-40C0-830B-1A0D162D409F}.Debug|x86.ActiveCfg = Debug|Win32
		{6FDAF778-FC16-40C0-830B-1A0D162D409F}.Debug|x86.Build.0 = Debug|Win32
		{6FDAF778-FC16-40C0-830B-1A0D162D409F}.Release|x64.ActiveCfg = Release|x64
		{6FDAF778-FC16-40C0-830B-1A0D162D409F}.Release|x64.Build.0 = Release|x64
		{6FDAF778-FC16-40C0-830B-1A0D162D409F}.Release|x86.ActiveCfg = Release|Win32
		{6FDAF778-FC16-40C0-830B-1A0D162D409F}.Release|x86.Build.0 = Release|Win32
		{A34FCBC2-0434-42CA-934E-50C0E95FEB8C}.Debug|x64.ActiveCfg = Debug|x64
		{A34FCBC2-0434-42CA-934E-50C0E95FEB8C}.Debug|x64.Build.0 = Debug|x64
		{A34FCBC2-0434-42CA-934E-50C0E95FEB8C}.Debug|x86.ActiveCfg = Debug|Win32
		{A34FCBC2-0434-42CA-934E-50C0E95FEB8C}.Debug|x86.Build.0 = Debug|Win32
		{A34FCBC2-0434-42CA-934E-50C0E95FEB8C}.Release|x64.ActiveCfg = Release|x64
		{A34FCBC2-0434-42CA-934E-50C0E95FEB8C}.Release|x64.Build.0 = Release|x64
		{A34FCBC2-0434-42CA-934E-50C0E95FEB8C}.Release|x86.ActiveCfg = Release|Win32
		{A34FCBC2-0434-42CA-934E-50C0E95FEB8C}.Release|x86.Build.0 = Release|Win32
		{E7B21B80-8FF2-4030-9B53-B2DB547567CE}.Debug|x64.ActiveCfg = Debug|x64
		{E7B21B80-8FF2-4030-9B53-B2DB547567CE}.Debug|x64.Build.0 = Debug|x64
		{E7B21B80-8FF2-4030-9B53-B2DB547567CE}.Debug|x86.ActiveCfg = Debug|Win32
		{E7B21B80-8FF2-4030-9B53-B2DB547567CE}.Debug|x86.Build.0 = Debug|Win32
		{E7B21B80-8FF2-4030-9B53-B2DB547567CE}.Release|x64.ActiveCfg = Release|x64
		{E7B21B80-8FF2-4030-9B53-B2DB547567CE}.Release|x64.Build.0 = Release|x64
		{E7B21B80-8FF2-4030-9B53-B2DB547567CE}.Release|x86.ActiveCfg = Release|Win32
		{E7B21B80-8FF2-4030-9B53-B2DB547567CE}.Release|x86.Build.0 = Release|Win32
		{F8F715DE-6777-4318-9131-78BA8D55AD57}.Debug|x64.ActiveCfg = Debug|x64
		{F8F715DE-6777-4318-9131-78BA8D55AD57}.Debug|x64.Build.0 = Debug|x64
		{F8F715DE-6777-4318-9131-78BA8D55AD57}.Debug|x86.ActiveCfg = Debug|Win32
		{F8F715DE-6777-4318-9131-78BA8D55AD57}.Debug|x86.Build.0 = Debug|Win32
		{F8F715DE-6777-4318-9131-78BA8D55AD57}.Release|x64.ActiveCfg = Release|x64
		{F8F715DE-6777-4318-9131-78BA8D55AD57}.Release|x64.Build.0 = Release|x64
		{F8F715DE-6777-4318-9131-78BA8D55AD57}.Release|x86.ActiveCfg = Release|Win32
		{F8F715DE-6777-4318-9131-78BA8D55AD57}.Release|x86.Build.0 = Release|Win32
		{C179F2DA-FB60-44F1-A2CE-A32AABF3A0C1}.Debug|x64.ActiveCfg = Debug|x64
		{C179F2DA-FB60-44F1-A2CE-A32AABF3A0C1}.Debug|x64.Build.0 = Debug|x64
		{C179F2DA-FB60-44F1-A2CE-A32AABF3A0C1}.Debug|x86.ActiveCfg = Debug|Win32
		{C179F2DA-FB60-44F1-A2CE-A32AABF3A0C1}.Debug|x86.Build.0 = Debug|Win32
		{C179F2DA-FB60-44F1-A2CE-A32AABF3A0C1}.Release|x64.ActiveCfg = Release|x64
		{C179F2DA-FB60-44F1-A2CE-A32AABF3A0C1}.Release|x64.Build.0 = Release|x64
		{C179F2DA-FB60-44F1-A2CE-A32AABF3A0C1}.Release|x86.ActiveCfg = Release|Win32
		{C179F2DA-FB60-44F1-A2CE-A32AABF3A0C1}.Release|x86.Build.0 = Release|Win32
		{7A92D3AC-AD6D-48C0-B761-9F5220037932}.Debug|x64.ActiveCfg = Debug|x64
		{7A92D3AC-AD6D-48C0-B761-9F5220037932}.Debug|x64.Build.0 = Debug|x64
		{7A92D3AC-AD6D-48C0-B761-9F5220037932}.Debug|x86.ActiveCfg = Debug|Win32
		{7A92D3AC-AD6D-48C0-B761-9F5220037932}.Debug|x86.Build.0 = Debug|Win32
		{7A92D3AC-AD6D-48C0-B761-9F5220037932}.Release|x64.ActiveCfg = Release|x64
		{7A92D3AC-AD6D-48C0-B761-9F5220037932}.Release|x64.Build.0 = Release|x64
		{7A92D3AC-AD6D-48C0-B761-9F5220037932}.Release|x86.ActiveCfg = Release|Win32
		{7A92D3AC-AD6D-48C0-B761-9F5220037932}.Release|x86.Build.0 = Release|Win32
		{AEB87216-7F4D-41BA-8F59-90A4AD25416D}.Debug|x64.ActiveCfg = Debug|x64
		{AEB87216-7F4D-41BA-8F59-90A4AD25416D}.Debug|x64.Build.0 = Debug|x64
		{AEB87216-7F4D-41BA-8F59-90A4AD25416D}.Debug|x86.ActiveCfg = Debug|Win32
		{AEB87216-7F4D-41BA-8F59-90A4AD25416D}.Debug|x86.Build.0 = Debug|Win32
		{AEB87216-7F4D-41BA-8F59-90A4AD25416D}.Release|x64.ActiveCfg = Release|x64
		{AEB87216-7F4D-41BA-8F59-90A4AD25416D}.Release|x64.Build.0 = Release|x64
		{AEB87216-7F4D-41BA-8F59-90A4AD25416D}.Release|x86.ActiveCfg = Release|Win32
		{AEB87216-7F4D-41BA-8F59-90A4AD25416D}.Release|x86.Build.0 = Release|Win32
	EndGlobalSection
	GlobalSection(SolutionProperties) = preSolution
		HideSolutionNode = FALSE
	EndGlobalSection
	GlobalSection(ExtensibilityGlobals) = postSolution
		SolutionGuid = {628BC029-B8EC-4B23-B9EF-75956D45B23B}
	EndGlobalSection
EndGlobal
