
Microsoft Visual Studio Solution File, Format Version 12.00
# Visual Studio Version 16
VisualStudioVersion = 16.0.31205.134
MinimumVisualStudioVersion = 10.0.40219.1
Project("{8BC9CEB8-8B4A-11D0-8D11-00A0C91BC942}") = "Local Scope", "Local Scope\Local Scope.vcxproj", "{14AD96FA-CD11-4377-AC71-30D9D8ADB70A}"
EndProject
Global
	GlobalSection(SolutionConfigurationPlatforms) = preSolution
		Debug|x64 = Debug|x64
		Debug|x86 = Debug|x86
		Release|x64 = Release|x64
		Release|x86 = Release|x86
	EndGlobalSection
	GlobalSection(ProjectConfigurationPlatforms) = postSolution
		{14AD96FA-CD11-4377-AC71-30D9D8ADB70A}.Debug|x64.ActiveCfg = Debug|x64
		{14AD96FA-CD11-4377-AC71-30D9D8ADB70A}.Debug|x64.Build.0 = Debug|x64
		{14AD96FA-CD11-4377-AC71-30D9D8ADB70A}.Debug|x86.ActiveCfg = Debug|Win32
		{14AD96FA-CD11-4377-AC71-30D9D8ADB70A}.Debug|x86.Build.0 = Debug|Win32
		{14AD96FA-CD11-4377-AC71-30D9D8ADB70A}.Release|x64.ActiveCfg = Release|x64
		{14AD96FA-CD11-4377-AC71-30D9D8ADB70A}.Release|x64.Build.0 = Release|x64
		{14AD96FA-CD11-4377-AC71-30D9D8ADB70A}.Release|x86.ActiveCfg = Release|Win32
		{14AD96FA-CD11-4377-AC71-30D9D8ADB70A}.Release|x86.Build.0 = Release|Win32
	EndGlobalSection
	GlobalSection(SolutionProperties) = preSolution
		HideSolutionNode = FALSE
	EndGlobalSection
	GlobalSection(ExtensibilityGlobals) = postSolution
		SolutionGuid = {8BB1E3C4-61AE-44EE-9B53-929F626EA449}
	EndGlobalSection
EndGlobal
