
Microsoft Visual Studio Solution File, Format Version 12.00
# Visual Studio Version 17
VisualStudioVersion = 17.1.32328.378
MinimumVisualStudioVersion = 10.0.40219.1
Project("{8BC9CEB8-8B4A-11D0-8D11-00A0C91BC942}") = "ch7.1 Parameter_Argument", "ch7.1 Parameter_Argument\ch7.1 Parameter_Argument.vcxproj", "{0BC77BFB-35D9-49ED-BC0A-EF70C896C2C1}"
EndProject
Project("{8BC9CEB8-8B4A-11D0-8D11-00A0C91BC942}") = "ch7.2 Call_Value", "ch7.2 Call_Value\ch7.2 Call_Value.vcxproj", "{A9ED8E30-001D-44BF-BD62-31C1AC2CFC8C}"
EndProject
Project("{8BC9CEB8-8B4A-11D0-8D11-00A0C91BC942}") = "ch7.3 Call_Reference", "ch7.3 Call_Reference\ch7.3 Call_Reference.vcxproj", "{BFC3BD10-AFAB-423A-A78B-59A0C0482AD3}"
EndProject
Project("{8BC9CEB8-8B4A-11D0-8D11-00A0C91BC942}") = "ch7.4 Passing Arguments by Address", "ch7.4 Passing Arguments by Address\ch7.4 Passing Arguments by Address.vcxproj", "{03B3B8C1-FCA7-441E-B153-1EB1BB667616}"
EndProject
Project("{8BC9CEB8-8B4A-11D0-8D11-00A0C91BC942}") = "ch7.5 Returning Values", "ch7.5 Returning Values\ch7.5 Returning Values.vcxproj", "{61F77D13-4756-489D-A7D2-F6433408997E}"
EndProject
Project("{8BC9CEB8-8B4A-11D0-8D11-00A0C91BC942}") = "ch7.6 Inline Functions", "ch7.6 Inline Functions\ch7.6 Inline Functions.vcxproj", "{04513FCA-85E9-4B47-BF86-6C3E3F911289}"
EndProject
Project("{8BC9CEB8-8B4A-11D0-8D11-00A0C91BC942}") = "ch7.7 Function Overloading", "ch7.7 Function Overloading\ch7.7 Function Overloading.vcxproj", "{9248C735-8EB7-4A6F-A710-487AEDFACC51}"
EndProject
Project("{8BC9CEB8-8B4A-11D0-8D11-00A0C91BC942}") = "ch7.8 Default Parameters", "ch7.8 Default Parameters\ch7.8 Default Parameters.vcxproj", "{BA9603B5-DFBA-449A-BEAD-51B68F955DE0}"
EndProject
Project("{8BC9CEB8-8B4A-11D0-8D11-00A0C91BC942}") = "ch7.9 Function Pointers", "ch7.9 Function Pointers\ch7.9 Function Pointers.vcxproj", "{344556ED-26CF-4B29-9128-A210875499EA}"
EndProject
Project("{8BC9CEB8-8B4A-11D0-8D11-00A0C91BC942}") = "ch7.11 Stack with vector", "ch7.11 Stack with vector\ch7.11 Stack with vector.vcxproj", "{676926EA-A051-40FF-9ADB-4226464F6943}"
EndProject
Project("{8BC9CEB8-8B4A-11D0-8D11-00A0C91BC942}") = "ch7.13 Defensive_Programming", "ch7.13 Defensive_Programming\ch7.13 Defensive_Programming.vcxproj", "{DD2E0B05-FEED-4148-89E1-9A5DA4DB24D0}"
EndProject
Project("{8BC9CEB8-8B4A-11D0-8D11-00A0C91BC942}") = "ch7.14 Assert", "7.14 Assert\7.14 Assert.vcxproj", "{59EFCDC8-280C-44B1-8BD6-8AFE1AD16350}"
EndProject
Project("{8BC9CEB8-8B4A-11D0-8D11-00A0C91BC942}") = "ch7.15 Command_Line_Arguments", "ch7.15 Command_Line_Arguments\ch7.15 Command_Line_Arguments.vcxproj", "{83983C99-A178-44E3-A697-82D4D2F4291A}"
EndProject
Project("{8BC9CEB8-8B4A-11D0-8D11-00A0C91BC942}") = "ch7.16 Ellipsis", "ch7.16 Ellipsis\ch7.16 Ellipsis.vcxproj", "{46F85AB3-CA76-4E97-ADE7-EC74FB6EE857}"
EndProject
Global
	GlobalSection(SolutionConfigurationPlatforms) = preSolution
		Debug|x64 = Debug|x64
		Debug|x86 = Debug|x86
		Release|x64 = Release|x64
		Release|x86 = Release|x86
	EndGlobalSection
	GlobalSection(ProjectConfigurationPlatforms) = postSolution
		{0BC77BFB-35D9-49ED-BC0A-EF70C896C2C1}.Debug|x64.ActiveCfg = Debug|x64
		{0BC77BFB-35D9-49ED-BC0A-EF70C896C2C1}.Debug|x64.Build.0 = Debug|x64
		{0BC77BFB-35D9-49ED-BC0A-EF70C896C2C1}.Debug|x86.ActiveCfg = Debug|Win32
		{0BC77BFB-35D9-49ED-BC0A-EF70C896C2C1}.Debug|x86.Build.0 = Debug|Win32
		{0BC77BFB-35D9-49ED-BC0A-EF70C896C2C1}.Release|x64.ActiveCfg = Release|x64
		{0BC77BFB-35D9-49ED-BC0A-EF70C896C2C1}.Release|x64.Build.0 = Release|x64
		{0BC77BFB-35D9-49ED-BC0A-EF70C896C2C1}.Release|x86.ActiveCfg = Release|Win32
		{0BC77BFB-35D9-49ED-BC0A-EF70C896C2C1}.Release|x86.Build.0 = Release|Win32
		{A9ED8E30-001D-44BF-BD62-31C1AC2CFC8C}.Debug|x64.ActiveCfg = Debug|x64
		{A9ED8E30-001D-44BF-BD62-31C1AC2CFC8C}.Debug|x64.Build.0 = Debug|x64
		{A9ED8E30-001D-44BF-BD62-31C1AC2CFC8C}.Debug|x86.ActiveCfg = Debug|Win32
		{A9ED8E30-001D-44BF-BD62-31C1AC2CFC8C}.Debug|x86.Build.0 = Debug|Win32
		{A9ED8E30-001D-44BF-BD62-31C1AC2CFC8C}.Release|x64.ActiveCfg = Release|x64
		{A9ED8E30-001D-44BF-BD62-31C1AC2CFC8C}.Release|x64.Build.0 = Release|x64
		{A9ED8E30-001D-44BF-BD62-31C1AC2CFC8C}.Release|x86.ActiveCfg = Release|Win32
		{A9ED8E30-001D-44BF-BD62-31C1AC2CFC8C}.Release|x86.Build.0 = Release|Win32
		{BFC3BD10-AFAB-423A-A78B-59A0C0482AD3}.Debug|x64.ActiveCfg = Debug|x64
		{BFC3BD10-AFAB-423A-A78B-59A0C0482AD3}.Debug|x64.Build.0 = Debug|x64
		{BFC3BD10-AFAB-423A-A78B-59A0C0482AD3}.Debug|x86.ActiveCfg = Debug|Win32
		{BFC3BD10-AFAB-423A-A78B-59A0C0482AD3}.Debug|x86.Build.0 = Debug|Win32
		{BFC3BD10-AFAB-423A-A78B-59A0C0482AD3}.Release|x64.ActiveCfg = Release|x64
		{BFC3BD10-AFAB-423A-A78B-59A0C0482AD3}.Release|x64.Build.0 = Release|x64
		{BFC3BD10-AFAB-423A-A78B-59A0C0482AD3}.Release|x86.ActiveCfg = Release|Win32
		{BFC3BD10-AFAB-423A-A78B-59A0C0482AD3}.Release|x86.Build.0 = Release|Win32
		{03B3B8C1-FCA7-441E-B153-1EB1BB667616}.Debug|x64.ActiveCfg = Debug|x64
		{03B3B8C1-FCA7-441E-B153-1EB1BB667616}.Debug|x64.Build.0 = Debug|x64
		{03B3B8C1-FCA7-441E-B153-1EB1BB667616}.Debug|x86.ActiveCfg = Debug|Win32
		{03B3B8C1-FCA7-441E-B153-1EB1BB667616}.Debug|x86.Build.0 = Debug|Win32
		{03B3B8C1-FCA7-441E-B153-1EB1BB667616}.Release|x64.ActiveCfg = Release|x64
		{03B3B8C1-FCA7-441E-B153-1EB1BB667616}.Release|x64.Build.0 = Release|x64
		{03B3B8C1-FCA7-441E-B153-1EB1BB667616}.Release|x86.ActiveCfg = Release|Win32
		{03B3B8C1-FCA7-441E-B153-1EB1BB667616}.Release|x86.Build.0 = Release|Win32
		{61F77D13-4756-489D-A7D2-F6433408997E}.Debug|x64.ActiveCfg = Debug|x64
		{61F77D13-4756-489D-A7D2-F6433408997E}.Debug|x64.Build.0 = Debug|x64
		{61F77D13-4756-489D-A7D2-F6433408997E}.Debug|x86.ActiveCfg = Debug|Win32
		{61F77D13-4756-489D-A7D2-F6433408997E}.Debug|x86.Build.0 = Debug|Win32
		{61F77D13-4756-489D-A7D2-F6433408997E}.Release|x64.ActiveCfg = Release|x64
		{61F77D13-4756-489D-A7D2-F6433408997E}.Release|x64.Build.0 = Release|x64
		{61F77D13-4756-489D-A7D2-F6433408997E}.Release|x86.ActiveCfg = Release|Win32
		{61F77D13-4756-489D-A7D2-F6433408997E}.Release|x86.Build.0 = Release|Win32
		{04513FCA-85E9-4B47-BF86-6C3E3F911289}.Debug|x64.ActiveCfg = Debug|x64
		{04513FCA-85E9-4B47-BF86-6C3E3F911289}.Debug|x64.Build.0 = Debug|x64
		{04513FCA-85E9-4B47-BF86-6C3E3F911289}.Debug|x86.ActiveCfg = Debug|Win32
		{04513FCA-85E9-4B47-BF86-6C3E3F911289}.Debug|x86.Build.0 = Debug|Win32
		{04513FCA-85E9-4B47-BF86-6C3E3F911289}.Release|x64.ActiveCfg = Release|x64
		{04513FCA-85E9-4B47-BF86-6C3E3F911289}.Release|x64.Build.0 = Release|x64
		{04513FCA-85E9-4B47-BF86-6C3E3F911289}.Release|x86.ActiveCfg = Release|Win32
		{04513FCA-85E9-4B47-BF86-6C3E3F911289}.Release|x86.Build.0 = Release|Win32
		{9248C735-8EB7-4A6F-A710-487AEDFACC51}.Debug|x64.ActiveCfg = Debug|x64
		{9248C735-8EB7-4A6F-A710-487AEDFACC51}.Debug|x64.Build.0 = Debug|x64
		{9248C735-8EB7-4A6F-A710-487AEDFACC51}.Debug|x86.ActiveCfg = Debug|Win32
		{9248C735-8EB7-4A6F-A710-487AEDFACC51}.Debug|x86.Build.0 = Debug|Win32
		{9248C735-8EB7-4A6F-A710-487AEDFACC51}.Release|x64.ActiveCfg = Release|x64
		{9248C735-8EB7-4A6F-A710-487AEDFACC51}.Release|x64.Build.0 = Release|x64
		{9248C735-8EB7-4A6F-A710-487AEDFACC51}.Release|x86.ActiveCfg = Release|Win32
		{9248C735-8EB7-4A6F-A710-487AEDFACC51}.Release|x86.Build.0 = Release|Win32
		{BA9603B5-DFBA-449A-BEAD-51B68F955DE0}.Debug|x64.ActiveCfg = Debug|x64
		{BA9603B5-DFBA-449A-BEAD-51B68F955DE0}.Debug|x64.Build.0 = Debug|x64
		{BA9603B5-DFBA-449A-BEAD-51B68F955DE0}.Debug|x86.ActiveCfg = Debug|Win32
		{BA9603B5-DFBA-449A-BEAD-51B68F955DE0}.Debug|x86.Build.0 = Debug|Win32
		{BA9603B5-DFBA-449A-BEAD-51B68F955DE0}.Release|x64.ActiveCfg = Release|x64
		{BA9603B5-DFBA-449A-BEAD-51B68F955DE0}.Release|x64.Build.0 = Release|x64
		{BA9603B5-DFBA-449A-BEAD-51B68F955DE0}.Release|x86.ActiveCfg = Release|Win32
		{BA9603B5-DFBA-449A-BEAD-51B68F955DE0}.Release|x86.Build.0 = Release|Win32
		{344556ED-26CF-4B29-9128-A210875499EA}.Debug|x64.ActiveCfg = Debug|x64
		{344556ED-26CF-4B29-9128-A210875499EA}.Debug|x64.Build.0 = Debug|x64
		{344556ED-26CF-4B29-9128-A210875499EA}.Debug|x86.ActiveCfg = Debug|Win32
		{344556ED-26CF-4B29-9128-A210875499EA}.Debug|x86.Build.0 = Debug|Win32
		{344556ED-26CF-4B29-9128-A210875499EA}.Release|x64.ActiveCfg = Release|x64
		{344556ED-26CF-4B29-9128-A210875499EA}.Release|x64.Build.0 = Release|x64
		{344556ED-26CF-4B29-9128-A210875499EA}.Release|x86.ActiveCfg = Release|Win32
		{344556ED-26CF-4B29-9128-A210875499EA}.Release|x86.Build.0 = Release|Win32
		{676926EA-A051-40FF-9ADB-4226464F6943}.Debug|x64.ActiveCfg = Debug|x64
		{676926EA-A051-40FF-9ADB-4226464F6943}.Debug|x64.Build.0 = Debug|x64
		{676926EA-A051-40FF-9ADB-4226464F6943}.Debug|x86.ActiveCfg = Debug|Win32
		{676926EA-A051-40FF-9ADB-4226464F6943}.Debug|x86.Build.0 = Debug|Win32
		{676926EA-A051-40FF-9ADB-4226464F6943}.Release|x64.ActiveCfg = Release|x64
		{676926EA-A051-40FF-9ADB-4226464F6943}.Release|x64.Build.0 = Release|x64
		{676926EA-A051-40FF-9ADB-4226464F6943}.Release|x86.ActiveCfg = Release|Win32
		{676926EA-A051-40FF-9ADB-4226464F6943}.Release|x86.Build.0 = Release|Win32
		{DD2E0B05-FEED-4148-89E1-9A5DA4DB24D0}.Debug|x64.ActiveCfg = Debug|x64
		{DD2E0B05-FEED-4148-89E1-9A5DA4DB24D0}.Debug|x64.Build.0 = Debug|x64
		{DD2E0B05-FEED-4148-89E1-9A5DA4DB24D0}.Debug|x86.ActiveCfg = Debug|Win32
		{DD2E0B05-FEED-4148-89E1-9A5DA4DB24D0}.Debug|x86.Build.0 = Debug|Win32
		{DD2E0B05-FEED-4148-89E1-9A5DA4DB24D0}.Release|x64.ActiveCfg = Release|x64
		{DD2E0B05-FEED-4148-89E1-9A5DA4DB24D0}.Release|x64.Build.0 = Release|x64
		{DD2E0B05-FEED-4148-89E1-9A5DA4DB24D0}.Release|x86.ActiveCfg = Release|Win32
		{DD2E0B05-FEED-4148-89E1-9A5DA4DB24D0}.Release|x86.Build.0 = Release|Win32
		{59EFCDC8-280C-44B1-8BD6-8AFE1AD16350}.Debug|x64.ActiveCfg = Debug|x64
		{59EFCDC8-280C-44B1-8BD6-8AFE1AD16350}.Debug|x64.Build.0 = Debug|x64
		{59EFCDC8-280C-44B1-8BD6-8AFE1AD16350}.Debug|x86.ActiveCfg = Debug|Win32
		{59EFCDC8-280C-44B1-8BD6-8AFE1AD16350}.Debug|x86.Build.0 = Debug|Win32
		{59EFCDC8-280C-44B1-8BD6-8AFE1AD16350}.Release|x64.ActiveCfg = Release|x64
		{59EFCDC8-280C-44B1-8BD6-8AFE1AD16350}.Release|x64.Build.0 = Release|x64
		{59EFCDC8-280C-44B1-8BD6-8AFE1AD16350}.Release|x86.ActiveCfg = Release|Win32
		{59EFCDC8-280C-44B1-8BD6-8AFE1AD16350}.Release|x86.Build.0 = Release|Win32
		{83983C99-A178-44E3-A697-82D4D2F4291A}.Debug|x64.ActiveCfg = Debug|x64
		{83983C99-A178-44E3-A697-82D4D2F4291A}.Debug|x64.Build.0 = Debug|x64
		{83983C99-A178-44E3-A697-82D4D2F4291A}.Debug|x86.ActiveCfg = Debug|Win32
		{83983C99-A178-44E3-A697-82D4D2F4291A}.Debug|x86.Build.0 = Debug|Win32
		{83983C99-A178-44E3-A697-82D4D2F4291A}.Release|x64.ActiveCfg = Release|x64
		{83983C99-A178-44E3-A697-82D4D2F4291A}.Release|x64.Build.0 = Release|x64
		{83983C99-A178-44E3-A697-82D4D2F4291A}.Release|x86.ActiveCfg = Release|Win32
		{83983C99-A178-44E3-A697-82D4D2F4291A}.Release|x86.Build.0 = Release|Win32
		{46F85AB3-CA76-4E97-ADE7-EC74FB6EE857}.Debug|x64.ActiveCfg = Debug|x64
		{46F85AB3-CA76-4E97-ADE7-EC74FB6EE857}.Debug|x64.Build.0 = Debug|x64
		{46F85AB3-CA76-4E97-ADE7-EC74FB6EE857}.Debug|x86.ActiveCfg = Debug|Win32
		{46F85AB3-CA76-4E97-ADE7-EC74FB6EE857}.Debug|x86.Build.0 = Debug|Win32
		{46F85AB3-CA76-4E97-ADE7-EC74FB6EE857}.Release|x64.ActiveCfg = Release|x64
		{46F85AB3-CA76-4E97-ADE7-EC74FB6EE857}.Release|x64.Build.0 = Release|x64
		{46F85AB3-CA76-4E97-ADE7-EC74FB6EE857}.Release|x86.ActiveCfg = Release|Win32
		{46F85AB3-CA76-4E97-ADE7-EC74FB6EE857}.Release|x86.Build.0 = Release|Win32
	EndGlobalSection
	GlobalSection(SolutionProperties) = preSolution
		HideSolutionNode = FALSE
	EndGlobalSection
	GlobalSection(ExtensibilityGlobals) = postSolution
		SolutionGuid = {A87DC4B7-3ADD-4269-BC8A-B7E69018586B}
	EndGlobalSection
EndGlobal
